// !$*UTF8*$!
{
	archiveVersion = 1;
	classes = {
	};
	objectVersion = 56;
	objects = {

/* Begin PBXBuildFile section */
		1404C9FA2B4A025600A248D7 /* Constanst.swift in Sources */ = {isa = PBXBuildFile; fileRef = 1404C9F92B4A025600A248D7 /* Constanst.swift */; };
		1404CA3B2B51938D00A248D7 /* CarInformation.swift in Sources */ = {isa = PBXBuildFile; fileRef = 1404CA3A2B51938D00A248D7 /* CarInformation.swift */; };
		1404CA3D2B568C7900A248D7 /* NewCarCV.swift in Sources */ = {isa = PBXBuildFile; fileRef = 1404CA3C2B568C7900A248D7 /* NewCarCV.swift */; };
		1404CA412B5AF15300A248D7 /* CarInformationViewModel.swift in Sources */ = {isa = PBXBuildFile; fileRef = 1404CA402B5AF15300A248D7 /* CarInformationViewModel.swift */; };
		1404CA432B5EFAF900A248D7 /* SelectCarModel.swift in Sources */ = {isa = PBXBuildFile; fileRef = 1404CA422B5EFAF900A248D7 /* SelectCarModel.swift */; };
		1404CA472B5F061900A248D7 /* NotificationManager.swift in Sources */ = {isa = PBXBuildFile; fileRef = 1404CA462B5F061900A248D7 /* NotificationManager.swift */; };
		141E8A882B42E13E00C4C3AF /* MyCarApp.swift in Sources */ = {isa = PBXBuildFile; fileRef = 141E8A872B42E13E00C4C3AF /* MyCarApp.swift */; };
		141E8A8A2B42E13E00C4C3AF /* LoginView.swift in Sources */ = {isa = PBXBuildFile; fileRef = 141E8A892B42E13E00C4C3AF /* LoginView.swift */; };
		141E8A8E2B42E13F00C4C3AF /* Assets.xcassets in Resources */ = {isa = PBXBuildFile; fileRef = 141E8A8D2B42E13F00C4C3AF /* Assets.xcassets */; };
		141E8A912B42E13F00C4C3AF /* Preview Assets.xcassets in Resources */ = {isa = PBXBuildFile; fileRef = 141E8A902B42E13F00C4C3AF /* Preview Assets.xcassets */; };
		141E8A9B2B42E13F00C4C3AF /* MyCarTests.swift in Sources */ = {isa = PBXBuildFile; fileRef = 141E8A9A2B42E13F00C4C3AF /* MyCarTests.swift */; };
		141E8AA52B42E13F00C4C3AF /* MyCarUITests.swift in Sources */ = {isa = PBXBuildFile; fileRef = 141E8AA42B42E13F00C4C3AF /* MyCarUITests.swift */; };
		141E8AA72B42E13F00C4C3AF /* MyCarUITestsLaunchTests.swift in Sources */ = {isa = PBXBuildFile; fileRef = 141E8AA62B42E13F00C4C3AF /* MyCarUITestsLaunchTests.swift */; };
		141E8AD52B4434EA00C4C3AF /* HeaderView.swift in Sources */ = {isa = PBXBuildFile; fileRef = 141E8AD42B4434EA00C4C3AF /* HeaderView.swift */; };
		141E8AD92B44359F00C4C3AF /* User.swift in Sources */ = {isa = PBXBuildFile; fileRef = 141E8AD82B44359F00C4C3AF /* User.swift */; };
		141E8ADB2B44394500C4C3AF /* LoginViewViewModel.swift in Sources */ = {isa = PBXBuildFile; fileRef = 141E8ADA2B44394500C4C3AF /* LoginViewViewModel.swift */; };
		141E8ADD2B443E3B00C4C3AF /* MCButton.swift in Sources */ = {isa = PBXBuildFile; fileRef = 141E8ADC2B443E3B00C4C3AF /* MCButton.swift */; };
		141E8ADF2B443F1600C4C3AF /* RegisterView.swift in Sources */ = {isa = PBXBuildFile; fileRef = 141E8ADE2B443F1600C4C3AF /* RegisterView.swift */; };
		141E8AE12B44599400C4C3AF /* RegisterViewViewModel.swift in Sources */ = {isa = PBXBuildFile; fileRef = 141E8AE02B44599400C4C3AF /* RegisterViewViewModel.swift */; };
		142142AE2B93BF5F00D60CF7 /* FuelListView.swift in Sources */ = {isa = PBXBuildFile; fileRef = 142142AD2B93BF5F00D60CF7 /* FuelListView.swift */; };
		142142B62B9491F100D60CF7 /* FuelListCV.swift in Sources */ = {isa = PBXBuildFile; fileRef = 142142B52B9491F100D60CF7 /* FuelListCV.swift */; };
		142142B82B94930200D60CF7 /* MainCV.swift in Sources */ = {isa = PBXBuildFile; fileRef = 142142B72B94930100D60CF7 /* MainCV.swift */; };
		145763C92B6A80B200E2D295 /* CarsListCV.swift in Sources */ = {isa = PBXBuildFile; fileRef = 145763C82B6A80B200E2D295 /* CarsListCV.swift */; };
		145763CB2B6BBFC600E2D295 /* CarEditCV.swift in Sources */ = {isa = PBXBuildFile; fileRef = 145763CA2B6BBFC600E2D295 /* CarEditCV.swift */; };
		145763CD2B6C14CA00E2D295 /* CarDetailCV.swift in Sources */ = {isa = PBXBuildFile; fileRef = 145763CC2B6C14CA00E2D295 /* CarDetailCV.swift */; };
		145763CF2B7BE86A00E2D295 /* CarEditViewModel.swift in Sources */ = {isa = PBXBuildFile; fileRef = 145763CE2B7BE86A00E2D295 /* CarEditViewModel.swift */; };
		145763D12B7BF40800E2D295 /* CarDetailViewModel.swift in Sources */ = {isa = PBXBuildFile; fileRef = 145763D02B7BF40800E2D295 /* CarDetailViewModel.swift */; };
		145763D32B7BF77800E2D295 /* DatePickerView.swift in Sources */ = {isa = PBXBuildFile; fileRef = 145763D22B7BF77800E2D295 /* DatePickerView.swift */; };
		14A476142B8147AF0069ACB2 /* ServiceEditCV.swift in Sources */ = {isa = PBXBuildFile; fileRef = 14A476132B8147AF0069ACB2 /* ServiceEditCV.swift */; };
		14A476162B8147F80069ACB2 /* ServiceModel.swift in Sources */ = {isa = PBXBuildFile; fileRef = 14A476152B8147F80069ACB2 /* ServiceModel.swift */; };
		14A476182B8148270069ACB2 /* ServiceViewModel.swift in Sources */ = {isa = PBXBuildFile; fileRef = 14A476172B8148270069ACB2 /* ServiceViewModel.swift */; };
		14A4761C2B82187A0069ACB2 /* ServiceDetailCV.swift in Sources */ = {isa = PBXBuildFile; fileRef = 14A4761B2B82187A0069ACB2 /* ServiceDetailCV.swift */; };
		14AA406C2B9761BC00647793 /* FuelModelController.swift in Sources */ = {isa = PBXBuildFile; fileRef = 14AA406B2B9761BC00647793 /* FuelModelController.swift */; };
		14D7D47F2B9B5567007F2483 /* DataModel.xcdatamodeld in Sources */ = {isa = PBXBuildFile; fileRef = 14D7D47D2B9B5567007F2483 /* DataModel.xcdatamodeld */; };
		14D7D4832B9B59FB007F2483 /* NewCarModelController.swift in Sources */ = {isa = PBXBuildFile; fileRef = 14D7D4822B9B59FB007F2483 /* NewCarModelController.swift */; };
		14D7D4852B9B5B05007F2483 /* NewCarModel.swift in Sources */ = {isa = PBXBuildFile; fileRef = 14D7D4842B9B5B05007F2483 /* NewCarModel.swift */; };
		14D7D4872B9B602F007F2483 /* NewCarViewModel.swift in Sources */ = {isa = PBXBuildFile; fileRef = 14D7D4862B9B602F007F2483 /* NewCarViewModel.swift */; };
		14D7D4892B9B6C28007F2483 /* DataModelController.swift in Sources */ = {isa = PBXBuildFile; fileRef = 14D7D4882B9B6C28007F2483 /* DataModelController.swift */; };
		14E000182B4823D400660340 /* CarListViewModel.swift in Sources */ = {isa = PBXBuildFile; fileRef = 14E000172B4823D300660340 /* CarListViewModel.swift */; };
		14E0FFEB2B480EBD00660340 /* CarModel.swift in Sources */ = {isa = PBXBuildFile; fileRef = 14E0FFEA2B480EBD00660340 /* CarModel.swift */; };
		14E0FFEE2B480F4E00660340 /* LocalService.swift in Sources */ = {isa = PBXBuildFile; fileRef = 14E0FFED2B480F4E00660340 /* LocalService.swift */; };
		14E0FFF02B480F6B00660340 /* NetworkService.swift in Sources */ = {isa = PBXBuildFile; fileRef = 14E0FFEF2B480F6B00660340 /* NetworkService.swift */; };
		14E0FFF22B480FB000660340 /* cars.json in Resources */ = {isa = PBXBuildFile; fileRef = 14E0FFF12B480FB000660340 /* cars.json */; };
		14E0FFF82B48140D00660340 /* CarListView.swift in Sources */ = {isa = PBXBuildFile; fileRef = 14E0FFF72B48140D00660340 /* CarListView.swift */; };
/* End PBXBuildFile section */

/* Begin PBXContainerItemProxy section */
		141E8A972B42E13F00C4C3AF /* PBXContainerItemProxy */ = {
			isa = PBXContainerItemProxy;
			containerPortal = 141E8A7C2B42E13E00C4C3AF /* Project object */;
			proxyType = 1;
			remoteGlobalIDString = 141E8A832B42E13E00C4C3AF;
			remoteInfo = MyCar;
		};
		141E8AA12B42E13F00C4C3AF /* PBXContainerItemProxy */ = {
			isa = PBXContainerItemProxy;
			containerPortal = 141E8A7C2B42E13E00C4C3AF /* Project object */;
			proxyType = 1;
			remoteGlobalIDString = 141E8A832B42E13E00C4C3AF;
			remoteInfo = MyCar;
		};
/* End PBXContainerItemProxy section */

/* Begin PBXFileReference section */
		1404C9F92B4A025600A248D7 /* Constanst.swift */ = {isa = PBXFileReference; lastKnownFileType = sourcecode.swift; path = Constanst.swift; sourceTree = "<group>"; };
		1404CA3A2B51938D00A248D7 /* CarInformation.swift */ = {isa = PBXFileReference; lastKnownFileType = sourcecode.swift; path = CarInformation.swift; sourceTree = "<group>"; };
		1404CA3C2B568C7900A248D7 /* NewCarCV.swift */ = {isa = PBXFileReference; lastKnownFileType = sourcecode.swift; path = NewCarCV.swift; sourceTree = "<group>"; };
		1404CA402B5AF15300A248D7 /* CarInformationViewModel.swift */ = {isa = PBXFileReference; lastKnownFileType = sourcecode.swift; path = CarInformationViewModel.swift; sourceTree = "<group>"; };
		1404CA422B5EFAF900A248D7 /* SelectCarModel.swift */ = {isa = PBXFileReference; lastKnownFileType = sourcecode.swift; path = SelectCarModel.swift; sourceTree = "<group>"; };
		1404CA462B5F061900A248D7 /* NotificationManager.swift */ = {isa = PBXFileReference; lastKnownFileType = sourcecode.swift; path = NotificationManager.swift; sourceTree = "<group>"; };
		141E8A842B42E13E00C4C3AF /* MyCar.app */ = {isa = PBXFileReference; explicitFileType = wrapper.application; includeInIndex = 0; path = MyCar.app; sourceTree = BUILT_PRODUCTS_DIR; };
		141E8A872B42E13E00C4C3AF /* MyCarApp.swift */ = {isa = PBXFileReference; lastKnownFileType = sourcecode.swift; path = MyCarApp.swift; sourceTree = "<group>"; };
		141E8A892B42E13E00C4C3AF /* LoginView.swift */ = {isa = PBXFileReference; lastKnownFileType = sourcecode.swift; path = LoginView.swift; sourceTree = "<group>"; };
		141E8A8D2B42E13F00C4C3AF /* Assets.xcassets */ = {isa = PBXFileReference; lastKnownFileType = folder.assetcatalog; path = Assets.xcassets; sourceTree = "<group>"; };
		141E8A902B42E13F00C4C3AF /* Preview Assets.xcassets */ = {isa = PBXFileReference; lastKnownFileType = folder.assetcatalog; path = "Preview Assets.xcassets"; sourceTree = "<group>"; };
		141E8A962B42E13F00C4C3AF /* MyCarTests.xctest */ = {isa = PBXFileReference; explicitFileType = wrapper.cfbundle; includeInIndex = 0; path = MyCarTests.xctest; sourceTree = BUILT_PRODUCTS_DIR; };
		141E8A9A2B42E13F00C4C3AF /* MyCarTests.swift */ = {isa = PBXFileReference; lastKnownFileType = sourcecode.swift; path = MyCarTests.swift; sourceTree = "<group>"; };
		141E8AA02B42E13F00C4C3AF /* MyCarUITests.xctest */ = {isa = PBXFileReference; explicitFileType = wrapper.cfbundle; includeInIndex = 0; path = MyCarUITests.xctest; sourceTree = BUILT_PRODUCTS_DIR; };
		141E8AA42B42E13F00C4C3AF /* MyCarUITests.swift */ = {isa = PBXFileReference; lastKnownFileType = sourcecode.swift; path = MyCarUITests.swift; sourceTree = "<group>"; };
		141E8AA62B42E13F00C4C3AF /* MyCarUITestsLaunchTests.swift */ = {isa = PBXFileReference; lastKnownFileType = sourcecode.swift; path = MyCarUITestsLaunchTests.swift; sourceTree = "<group>"; };
		141E8AD42B4434EA00C4C3AF /* HeaderView.swift */ = {isa = PBXFileReference; lastKnownFileType = sourcecode.swift; path = HeaderView.swift; sourceTree = "<group>"; };
		141E8AD82B44359F00C4C3AF /* User.swift */ = {isa = PBXFileReference; lastKnownFileType = sourcecode.swift; path = User.swift; sourceTree = "<group>"; };
		141E8ADA2B44394500C4C3AF /* LoginViewViewModel.swift */ = {isa = PBXFileReference; lastKnownFileType = sourcecode.swift; path = LoginViewViewModel.swift; sourceTree = "<group>"; };
		141E8ADC2B443E3B00C4C3AF /* MCButton.swift */ = {isa = PBXFileReference; lastKnownFileType = sourcecode.swift; path = MCButton.swift; sourceTree = "<group>"; };
		141E8ADE2B443F1600C4C3AF /* RegisterView.swift */ = {isa = PBXFileReference; lastKnownFileType = sourcecode.swift; path = RegisterView.swift; sourceTree = "<group>"; };
		141E8AE02B44599400C4C3AF /* RegisterViewViewModel.swift */ = {isa = PBXFileReference; lastKnownFileType = sourcecode.swift; path = RegisterViewViewModel.swift; sourceTree = "<group>"; };
		142142AD2B93BF5F00D60CF7 /* FuelListView.swift */ = {isa = PBXFileReference; lastKnownFileType = sourcecode.swift; path = FuelListView.swift; sourceTree = "<group>"; };
		142142B52B9491F100D60CF7 /* FuelListCV.swift */ = {isa = PBXFileReference; lastKnownFileType = sourcecode.swift; path = FuelListCV.swift; sourceTree = "<group>"; };
		142142B72B94930100D60CF7 /* MainCV.swift */ = {isa = PBXFileReference; lastKnownFileType = sourcecode.swift; path = MainCV.swift; sourceTree = "<group>"; };
		145763C82B6A80B200E2D295 /* CarsListCV.swift */ = {isa = PBXFileReference; lastKnownFileType = sourcecode.swift; path = CarsListCV.swift; sourceTree = "<group>"; };
		145763CA2B6BBFC600E2D295 /* CarEditCV.swift */ = {isa = PBXFileReference; lastKnownFileType = sourcecode.swift; path = CarEditCV.swift; sourceTree = "<group>"; };
		145763CC2B6C14CA00E2D295 /* CarDetailCV.swift */ = {isa = PBXFileReference; lastKnownFileType = sourcecode.swift; path = CarDetailCV.swift; sourceTree = "<group>"; };
		145763CE2B7BE86A00E2D295 /* CarEditViewModel.swift */ = {isa = PBXFileReference; lastKnownFileType = sourcecode.swift; path = CarEditViewModel.swift; sourceTree = "<group>"; };
		145763D02B7BF40800E2D295 /* CarDetailViewModel.swift */ = {isa = PBXFileReference; lastKnownFileType = sourcecode.swift; path = CarDetailViewModel.swift; sourceTree = "<group>"; };
		145763D22B7BF77800E2D295 /* DatePickerView.swift */ = {isa = PBXFileReference; lastKnownFileType = sourcecode.swift; path = DatePickerView.swift; sourceTree = "<group>"; };
		14A476132B8147AF0069ACB2 /* ServiceEditCV.swift */ = {isa = PBXFileReference; lastKnownFileType = sourcecode.swift; path = ServiceEditCV.swift; sourceTree = "<group>"; };
		14A476152B8147F80069ACB2 /* ServiceModel.swift */ = {isa = PBXFileReference; lastKnownFileType = sourcecode.swift; path = ServiceModel.swift; sourceTree = "<group>"; };
		14A476172B8148270069ACB2 /* ServiceViewModel.swift */ = {isa = PBXFileReference; lastKnownFileType = sourcecode.swift; path = ServiceViewModel.swift; sourceTree = "<group>"; };
		14A4761B2B82187A0069ACB2 /* ServiceDetailCV.swift */ = {isa = PBXFileReference; lastKnownFileType = sourcecode.swift; path = ServiceDetailCV.swift; sourceTree = "<group>"; };
		14AA406B2B9761BC00647793 /* FuelModelController.swift */ = {isa = PBXFileReference; lastKnownFileType = sourcecode.swift; path = FuelModelController.swift; sourceTree = "<group>"; };
		14D7D47E2B9B5567007F2483 /* DataModel.xcdatamodel */ = {isa = PBXFileReference; lastKnownFileType = wrapper.xcdatamodel; path = DataModel.xcdatamodel; sourceTree = "<group>"; };
		14D7D4822B9B59FB007F2483 /* NewCarModelController.swift */ = {isa = PBXFileReference; lastKnownFileType = sourcecode.swift; path = NewCarModelController.swift; sourceTree = "<group>"; };
		14D7D4842B9B5B05007F2483 /* NewCarModel.swift */ = {isa = PBXFileReference; lastKnownFileType = sourcecode.swift; path = NewCarModel.swift; sourceTree = "<group>"; };
		14D7D4862B9B602F007F2483 /* NewCarViewModel.swift */ = {isa = PBXFileReference; lastKnownFileType = sourcecode.swift; path = NewCarViewModel.swift; sourceTree = "<group>"; };
		14D7D4882B9B6C28007F2483 /* DataModelController.swift */ = {isa = PBXFileReference; lastKnownFileType = sourcecode.swift; path = DataModelController.swift; sourceTree = "<group>"; };
		14E000172B4823D300660340 /* CarListViewModel.swift */ = {isa = PBXFileReference; lastKnownFileType = sourcecode.swift; path = CarListViewModel.swift; sourceTree = "<group>"; };
		14E0FFEA2B480EBD00660340 /* CarModel.swift */ = {isa = PBXFileReference; lastKnownFileType = sourcecode.swift; path = CarModel.swift; sourceTree = "<group>"; };
		14E0FFED2B480F4E00660340 /* LocalService.swift */ = {isa = PBXFileReference; lastKnownFileType = sourcecode.swift; path = LocalService.swift; sourceTree = "<group>"; };
		14E0FFEF2B480F6B00660340 /* NetworkService.swift */ = {isa = PBXFileReference; lastKnownFileType = sourcecode.swift; path = NetworkService.swift; sourceTree = "<group>"; };
		14E0FFF12B480FB000660340 /* cars.json */ = {isa = PBXFileReference; fileEncoding = 4; lastKnownFileType = text.json; path = cars.json; sourceTree = "<group>"; };
		14E0FFF72B48140D00660340 /* CarListView.swift */ = {isa = PBXFileReference; lastKnownFileType = sourcecode.swift; path = CarListView.swift; sourceTree = "<group>"; };
/* End PBXFileReference section */

/* Begin PBXFrameworksBuildPhase section */
		141E8A812B42E13E00C4C3AF /* Frameworks */ = {
			isa = PBXFrameworksBuildPhase;
			buildActionMask = 2147483647;
			files = (
			);
			runOnlyForDeploymentPostprocessing = 0;
		};
		141E8A932B42E13F00C4C3AF /* Frameworks */ = {
			isa = PBXFrameworksBuildPhase;
			buildActionMask = 2147483647;
			files = (
			);
			runOnlyForDeploymentPostprocessing = 0;
		};
		141E8A9D2B42E13F00C4C3AF /* Frameworks */ = {
			isa = PBXFrameworksBuildPhase;
			buildActionMask = 2147483647;
			files = (
			);
			runOnlyForDeploymentPostprocessing = 0;
		};
/* End PBXFrameworksBuildPhase section */

/* Begin PBXGroup section */
		1404CA442B5F057C00A248D7 /* New Group */ = {
			isa = PBXGroup;
			children = (
			);
			path = "New Group";
			sourceTree = "<group>";
		};
		1404CA452B5F05E300A248D7 /* Extensions */ = {
			isa = PBXGroup;
			children = (
				1404CA462B5F061900A248D7 /* NotificationManager.swift */,
			);
			path = Extensions;
			sourceTree = "<group>";
		};
		141E8A7B2B42E13E00C4C3AF = {
			isa = PBXGroup;
			children = (
				141E8A862B42E13E00C4C3AF /* MyCar */,
				141E8A992B42E13F00C4C3AF /* MyCarTests */,
				141E8AA32B42E13F00C4C3AF /* MyCarUITests */,
				141E8A852B42E13E00C4C3AF /* Products */,
			);
			sourceTree = "<group>";
		};
		141E8A852B42E13E00C4C3AF /* Products */ = {
			isa = PBXGroup;
			children = (
				141E8A842B42E13E00C4C3AF /* MyCar.app */,
				141E8A962B42E13F00C4C3AF /* MyCarTests.xctest */,
				141E8AA02B42E13F00C4C3AF /* MyCarUITests.xctest */,
			);
			name = Products;
			sourceTree = "<group>";
		};
		141E8A862B42E13E00C4C3AF /* MyCar */ = {
			isa = PBXGroup;
			children = (
				1404CA442B5F057C00A248D7 /* New Group */,
				141E8A872B42E13E00C4C3AF /* MyCarApp.swift */,
				14E0FFF12B480FB000660340 /* cars.json */,
				1404CA452B5F05E300A248D7 /* Extensions */,
				14E0FFEC2B480F3C00660340 /* Service */,
				141E8AD12B44344300C4C3AF /* Models */,
				141E8AD22B44345100C4C3AF /* ViewModels */,
				141E8AD32B44346200C4C3AF /* Views */,
				141E8A8D2B42E13F00C4C3AF /* Assets.xcassets */,
				141E8A8F2B42E13F00C4C3AF /* Preview Content */,
			);
			path = MyCar;
			sourceTree = "<group>";
		};
		141E8A8F2B42E13F00C4C3AF /* Preview Content */ = {
			isa = PBXGroup;
			children = (
				14D7D47D2B9B5567007F2483 /* DataModel.xcdatamodeld */,
				141E8A902B42E13F00C4C3AF /* Preview Assets.xcassets */,
			);
			path = "Preview Content";
			sourceTree = "<group>";
		};
		141E8A992B42E13F00C4C3AF /* MyCarTests */ = {
			isa = PBXGroup;
			children = (
				141E8A9A2B42E13F00C4C3AF /* MyCarTests.swift */,
			);
			path = MyCarTests;
			sourceTree = "<group>";
		};
		141E8AA32B42E13F00C4C3AF /* MyCarUITests */ = {
			isa = PBXGroup;
			children = (
				141E8AA42B42E13F00C4C3AF /* MyCarUITests.swift */,
				141E8AA62B42E13F00C4C3AF /* MyCarUITestsLaunchTests.swift */,
			);
			path = MyCarUITests;
			sourceTree = "<group>";
		};
		141E8AD12B44344300C4C3AF /* Models */ = {
			isa = PBXGroup;
			children = (
				141E8AD82B44359F00C4C3AF /* User.swift */,
				14E0FFEA2B480EBD00660340 /* CarModel.swift */,
				1404CA3A2B51938D00A248D7 /* CarInformation.swift */,
				1404CA422B5EFAF900A248D7 /* SelectCarModel.swift */,
				14D7D4842B9B5B05007F2483 /* NewCarModel.swift */,
				14A476152B8147F80069ACB2 /* ServiceModel.swift */,
				14AA406B2B9761BC00647793 /* FuelModelController.swift */,
				14D7D4822B9B59FB007F2483 /* NewCarModelController.swift */,
				14D7D4882B9B6C28007F2483 /* DataModelController.swift */,
			);
			path = Models;
			sourceTree = "<group>";
		};
		141E8AD22B44345100C4C3AF /* ViewModels */ = {
			isa = PBXGroup;
			children = (
				141E8ADA2B44394500C4C3AF /* LoginViewViewModel.swift */,
				141E8AE02B44599400C4C3AF /* RegisterViewViewModel.swift */,
				14E000172B4823D300660340 /* CarListViewModel.swift */,
				1404CA402B5AF15300A248D7 /* CarInformationViewModel.swift */,
				145763CE2B7BE86A00E2D295 /* CarEditViewModel.swift */,
				145763D02B7BF40800E2D295 /* CarDetailViewModel.swift */,
				14A476172B8148270069ACB2 /* ServiceViewModel.swift */,
				14D7D4862B9B602F007F2483 /* NewCarViewModel.swift */,
			);
			path = ViewModels;
			sourceTree = "<group>";
		};
		141E8AD32B44346200C4C3AF /* Views */ = {
			isa = PBXGroup;
			children = (
				142142B72B94930100D60CF7 /* MainCV.swift */,
				142142AD2B93BF5F00D60CF7 /* FuelListView.swift */,
				142142B52B9491F100D60CF7 /* FuelListCV.swift */,
				141E8A892B42E13E00C4C3AF /* LoginView.swift */,
				141E8ADE2B443F1600C4C3AF /* RegisterView.swift */,
				14A476132B8147AF0069ACB2 /* ServiceEditCV.swift */,
				14A4761B2B82187A0069ACB2 /* ServiceDetailCV.swift */,
				1404CA3C2B568C7900A248D7 /* NewCarCV.swift */,
				145763C82B6A80B200E2D295 /* CarsListCV.swift */,
				14E0FFF72B48140D00660340 /* CarListView.swift */,
				145763CA2B6BBFC600E2D295 /* CarEditCV.swift */,
				145763CC2B6C14CA00E2D295 /* CarDetailCV.swift */,
				145763D22B7BF77800E2D295 /* DatePickerView.swift */,
				141E8AD42B4434EA00C4C3AF /* HeaderView.swift */,
				141E8ADC2B443E3B00C4C3AF /* MCButton.swift */,
			);
			path = Views;
			sourceTree = "<group>";
		};
		14E0FFEC2B480F3C00660340 /* Service */ = {
			isa = PBXGroup;
			children = (
				14E0FFED2B480F4E00660340 /* LocalService.swift */,
				14E0FFEF2B480F6B00660340 /* NetworkService.swift */,
				1404C9F92B4A025600A248D7 /* Constanst.swift */,
			);
			path = Service;
			sourceTree = "<group>";
		};
/* End PBXGroup section */

/* Begin PBXNativeTarget section */
		141E8A832B42E13E00C4C3AF /* MyCar */ = {
			isa = PBXNativeTarget;
			buildConfigurationList = 141E8AAA2B42E13F00C4C3AF /* Build configuration list for PBXNativeTarget "MyCar" */;
			buildPhases = (
				141E8A802B42E13E00C4C3AF /* Sources */,
				141E8A812B42E13E00C4C3AF /* Frameworks */,
				141E8A822B42E13E00C4C3AF /* Resources */,
			);
			buildRules = (
			);
			dependencies = (
			);
			name = MyCar;
			productName = MyCar;
			productReference = 141E8A842B42E13E00C4C3AF /* MyCar.app */;
			productType = "com.apple.product-type.application";
		};
		141E8A952B42E13F00C4C3AF /* MyCarTests */ = {
			isa = PBXNativeTarget;
			buildConfigurationList = 141E8AAD2B42E13F00C4C3AF /* Build configuration list for PBXNativeTarget "MyCarTests" */;
			buildPhases = (
				141E8A922B42E13F00C4C3AF /* Sources */,
				141E8A932B42E13F00C4C3AF /* Frameworks */,
				141E8A942B42E13F00C4C3AF /* Resources */,
			);
			buildRules = (
			);
			dependencies = (
				141E8A982B42E13F00C4C3AF /* PBXTargetDependency */,
			);
			name = MyCarTests;
			productName = MyCarTests;
			productReference = 141E8A962B42E13F00C4C3AF /* MyCarTests.xctest */;
			productType = "com.apple.product-type.bundle.unit-test";
		};
		141E8A9F2B42E13F00C4C3AF /* MyCarUITests */ = {
			isa = PBXNativeTarget;
			buildConfigurationList = 141E8AB02B42E13F00C4C3AF /* Build configuration list for PBXNativeTarget "MyCarUITests" */;
			buildPhases = (
				141E8A9C2B42E13F00C4C3AF /* Sources */,
				141E8A9D2B42E13F00C4C3AF /* Frameworks */,
				141E8A9E2B42E13F00C4C3AF /* Resources */,
			);
			buildRules = (
			);
			dependencies = (
				141E8AA22B42E13F00C4C3AF /* PBXTargetDependency */,
			);
			name = MyCarUITests;
			productName = MyCarUITests;
			productReference = 141E8AA02B42E13F00C4C3AF /* MyCarUITests.xctest */;
			productType = "com.apple.product-type.bundle.ui-testing";
		};
/* End PBXNativeTarget section */

/* Begin PBXProject section */
		141E8A7C2B42E13E00C4C3AF /* Project object */ = {
			isa = PBXProject;
			attributes = {
				BuildIndependentTargetsInParallel = 1;
				LastSwiftUpdateCheck = 1500;
				LastUpgradeCheck = 1500;
				TargetAttributes = {
					141E8A832B42E13E00C4C3AF = {
						CreatedOnToolsVersion = 15.0;
					};
					141E8A952B42E13F00C4C3AF = {
						CreatedOnToolsVersion = 15.0;
						TestTargetID = 141E8A832B42E13E00C4C3AF;
					};
					141E8A9F2B42E13F00C4C3AF = {
						CreatedOnToolsVersion = 15.0;
						TestTargetID = 141E8A832B42E13E00C4C3AF;
					};
				};
			};
			buildConfigurationList = 141E8A7F2B42E13E00C4C3AF /* Build configuration list for PBXProject "MyCar" */;
			compatibilityVersion = "Xcode 14.0";
			developmentRegion = en;
			hasScannedForEncodings = 0;
			knownRegions = (
				en,
				Base,
			);
			mainGroup = 141E8A7B2B42E13E00C4C3AF;
			productRefGroup = 141E8A852B42E13E00C4C3AF /* Products */;
			projectDirPath = "";
			projectRoot = "";
			targets = (
				141E8A832B42E13E00C4C3AF /* MyCar */,
				141E8A952B42E13F00C4C3AF /* MyCarTests */,
				141E8A9F2B42E13F00C4C3AF /* MyCarUITests */,
			);
		};
/* End PBXProject section */

/* Begin PBXResourcesBuildPhase section */
		141E8A822B42E13E00C4C3AF /* Resources */ = {
			isa = PBXResourcesBuildPhase;
			buildActionMask = 2147483647;
			files = (
				141E8A912B42E13F00C4C3AF /* Preview Assets.xcassets in Resources */,
				14E0FFF22B480FB000660340 /* cars.json in Resources */,
				141E8A8E2B42E13F00C4C3AF /* Assets.xcassets in Resources */,
			);
			runOnlyForDeploymentPostprocessing = 0;
		};
		141E8A942B42E13F00C4C3AF /* Resources */ = {
			isa = PBXResourcesBuildPhase;
			buildActionMask = 2147483647;
			files = (
			);
			runOnlyForDeploymentPostprocessing = 0;
		};
		141E8A9E2B42E13F00C4C3AF /* Resources */ = {
			isa = PBXResourcesBuildPhase;
			buildActionMask = 2147483647;
			files = (
			);
			runOnlyForDeploymentPostprocessing = 0;
		};
/* End PBXResourcesBuildPhase section */

/* Begin PBXSourcesBuildPhase section */
		141E8A802B42E13E00C4C3AF /* Sources */ = {
			isa = PBXSourcesBuildPhase;
			buildActionMask = 2147483647;
			files = (
				14A476142B8147AF0069ACB2 /* ServiceEditCV.swift in Sources */,
				14E0FFF02B480F6B00660340 /* NetworkService.swift in Sources */,
				145763D32B7BF77800E2D295 /* DatePickerView.swift in Sources */,
				141E8ADB2B44394500C4C3AF /* LoginViewViewModel.swift in Sources */,
				1404CA412B5AF15300A248D7 /* CarInformationViewModel.swift in Sources */,
				14D7D4892B9B6C28007F2483 /* DataModelController.swift in Sources */,
				14D7D4852B9B5B05007F2483 /* NewCarModel.swift in Sources */,
				145763CF2B7BE86A00E2D295 /* CarEditViewModel.swift in Sources */,
				141E8ADD2B443E3B00C4C3AF /* MCButton.swift in Sources */,
				14D7D4832B9B59FB007F2483 /* NewCarModelController.swift in Sources */,
				1404CA3B2B51938D00A248D7 /* CarInformation.swift in Sources */,
				1404CA432B5EFAF900A248D7 /* SelectCarModel.swift in Sources */,
				145763CD2B6C14CA00E2D295 /* CarDetailCV.swift in Sources */,
				14A476162B8147F80069ACB2 /* ServiceModel.swift in Sources */,
				145763D12B7BF40800E2D295 /* CarDetailViewModel.swift in Sources */,
				141E8AE12B44599400C4C3AF /* RegisterViewViewModel.swift in Sources */,
				14E0FFEE2B480F4E00660340 /* LocalService.swift in Sources */,
				14AA406C2B9761BC00647793 /* FuelModelController.swift in Sources */,
				1404CA3D2B568C7900A248D7 /* NewCarCV.swift in Sources */,
				145763C92B6A80B200E2D295 /* CarsListCV.swift in Sources */,
				141E8A8A2B42E13E00C4C3AF /* LoginView.swift in Sources */,
				141E8ADF2B443F1600C4C3AF /* RegisterView.swift in Sources */,
				14A476182B8148270069ACB2 /* ServiceViewModel.swift in Sources */,
				14E000182B4823D400660340 /* CarListViewModel.swift in Sources */,
				14D7D4872B9B602F007F2483 /* NewCarViewModel.swift in Sources */,
				14D7D47F2B9B5567007F2483 /* DataModel.xcdatamodeld in Sources */,
				14E0FFF82B48140D00660340 /* CarListView.swift in Sources */,
				14E0FFEB2B480EBD00660340 /* CarModel.swift in Sources */,
				145763CB2B6BBFC600E2D295 /* CarEditCV.swift in Sources */,
				141E8AD52B4434EA00C4C3AF /* HeaderView.swift in Sources */,
				1404CA472B5F061900A248D7 /* NotificationManager.swift in Sources */,
				1404C9FA2B4A025600A248D7 /* Constanst.swift in Sources */,
				141E8A882B42E13E00C4C3AF /* MyCarApp.swift in Sources */,
				142142B62B9491F100D60CF7 /* FuelListCV.swift in Sources */,
				141E8AD92B44359F00C4C3AF /* User.swift in Sources */,
				142142B82B94930200D60CF7 /* MainCV.swift in Sources */,
				142142AE2B93BF5F00D60CF7 /* FuelListView.swift in Sources */,
				14A4761C2B82187A0069ACB2 /* ServiceDetailCV.swift in Sources */,
			);
			runOnlyForDeploymentPostprocessing = 0;
		};
		141E8A922B42E13F00C4C3AF /* Sources */ = {
			isa = PBXSourcesBuildPhase;
			buildActionMask = 2147483647;
			files = (
				141E8A9B2B42E13F00C4C3AF /* MyCarTests.swift in Sources */,
			);
			runOnlyForDeploymentPostprocessing = 0;
		};
		141E8A9C2B42E13F00C4C3AF /* Sources */ = {
			isa = PBXSourcesBuildPhase;
			buildActionMask = 2147483647;
			files = (
				141E8AA52B42E13F00C4C3AF /* MyCarUITests.swift in Sources */,
				141E8AA72B42E13F00C4C3AF /* MyCarUITestsLaunchTests.swift in Sources */,
			);
			runOnlyForDeploymentPostprocessing = 0;
		};
/* End PBXSourcesBuildPhase section */

/* Begin PBXTargetDependency section */
		141E8A982B42E13F00C4C3AF /* PBXTargetDependency */ = {
			isa = PBXTargetDependency;
			target = 141E8A832B42E13E00C4C3AF /* MyCar */;
			targetProxy = 141E8A972B42E13F00C4C3AF /* PBXContainerItemProxy */;
		};
		141E8AA22B42E13F00C4C3AF /* PBXTargetDependency */ = {
			isa = PBXTargetDependency;
			target = 141E8A832B42E13E00C4C3AF /* MyCar */;
			targetProxy = 141E8AA12B42E13F00C4C3AF /* PBXContainerItemProxy */;
		};
/* End PBXTargetDependency section */

/* Begin XCBuildConfiguration section */
		141E8AA82B42E13F00C4C3AF /* Debug */ = {
			isa = XCBuildConfiguration;
			buildSettings = {
				ALWAYS_SEARCH_USER_PATHS = NO;
				ASSETCATALOG_COMPILER_GENERATE_SWIFT_ASSET_SYMBOL_EXTENSIONS = YES;
				CLANG_ANALYZER_NONNULL = YES;
				CLANG_ANALYZER_NUMBER_OBJECT_CONVERSION = YES_AGGRESSIVE;
				CLANG_CXX_LANGUAGE_STANDARD = "gnu++20";
				CLANG_ENABLE_MODULES = YES;
				CLANG_ENABLE_OBJC_ARC = YES;
				CLANG_ENABLE_OBJC_WEAK = YES;
				CLANG_WARN_BLOCK_CAPTURE_AUTORELEASING = YES;
				CLANG_WARN_BOOL_CONVERSION = YES;
				CLANG_WARN_COMMA = YES;
				CLANG_WARN_CONSTANT_CONVERSION = YES;
				CLANG_WARN_DEPRECATED_OBJC_IMPLEMENTATIONS = YES;
				CLANG_WARN_DIRECT_OBJC_ISA_USAGE = YES_ERROR;
				CLANG_WARN_DOCUMENTATION_COMMENTS = YES;
				CLANG_WARN_EMPTY_BODY = YES;
				CLANG_WARN_ENUM_CONVERSION = YES;
				CLANG_WARN_INFINITE_RECURSION = YES;
				CLANG_WARN_INT_CONVERSION = YES;
				CLANG_WARN_NON_LITERAL_NULL_CONVERSION = YES;
				CLANG_WARN_OBJC_IMPLICIT_RETAIN_SELF = YES;
				CLANG_WARN_OBJC_LITERAL_CONVERSION = YES;
				CLANG_WARN_OBJC_ROOT_CLASS = YES_ERROR;
				CLANG_WARN_QUOTED_INCLUDE_IN_FRAMEWORK_HEADER = YES;
				CLANG_WARN_RANGE_LOOP_ANALYSIS = YES;
				CLANG_WARN_STRICT_PROTOTYPES = YES;
				CLANG_WARN_SUSPICIOUS_MOVE = YES;
				CLANG_WARN_UNGUARDED_AVAILABILITY = YES_AGGRESSIVE;
				CLANG_WARN_UNREACHABLE_CODE = YES;
				CLANG_WARN__DUPLICATE_METHOD_MATCH = YES;
				COPY_PHASE_STRIP = NO;
				DEBUG_INFORMATION_FORMAT = dwarf;
				ENABLE_STRICT_OBJC_MSGSEND = YES;
				ENABLE_TESTABILITY = YES;
				ENABLE_USER_SCRIPT_SANDBOXING = YES;
				GCC_C_LANGUAGE_STANDARD = gnu17;
				GCC_DYNAMIC_NO_PIC = NO;
				GCC_NO_COMMON_BLOCKS = YES;
				GCC_OPTIMIZATION_LEVEL = 0;
				GCC_PREPROCESSOR_DEFINITIONS = (
					"DEBUG=1",
					"$(inherited)",
				);
				GCC_WARN_64_TO_32_BIT_CONVERSION = YES;
				GCC_WARN_ABOUT_RETURN_TYPE = YES_ERROR;
				GCC_WARN_UNDECLARED_SELECTOR = YES;
				GCC_WARN_UNINITIALIZED_AUTOS = YES_AGGRESSIVE;
				GCC_WARN_UNUSED_FUNCTION = YES;
				GCC_WARN_UNUSED_VARIABLE = YES;
				IPHONEOS_DEPLOYMENT_TARGET = 17.0;
				LOCALIZATION_PREFERS_STRING_CATALOGS = YES;
				MTL_ENABLE_DEBUG_INFO = INCLUDE_SOURCE;
				MTL_FAST_MATH = YES;
				ONLY_ACTIVE_ARCH = YES;
				SDKROOT = iphoneos;
				SWIFT_ACTIVE_COMPILATION_CONDITIONS = "DEBUG $(inherited)";
				SWIFT_OPTIMIZATION_LEVEL = "-Onone";
			};
			name = Debug;
		};
		141E8AA92B42E13F00C4C3AF /* Release */ = {
			isa = XCBuildConfiguration;
			buildSettings = {
				ALWAYS_SEARCH_USER_PATHS = NO;
				ASSETCATALOG_COMPILER_GENERATE_SWIFT_ASSET_SYMBOL_EXTENSIONS = YES;
				CLANG_ANALYZER_NONNULL = YES;
				CLANG_ANALYZER_NUMBER_OBJECT_CONVERSION = YES_AGGRESSIVE;
				CLANG_CXX_LANGUAGE_STANDARD = "gnu++20";
				CLANG_ENABLE_MODULES = YES;
				CLANG_ENABLE_OBJC_ARC = YES;
				CLANG_ENABLE_OBJC_WEAK = YES;
				CLANG_WARN_BLOCK_CAPTURE_AUTORELEASING = YES;
				CLANG_WARN_BOOL_CONVERSION = YES;
				CLANG_WARN_COMMA = YES;
				CLANG_WARN_CONSTANT_CONVERSION = YES;
				CLANG_WARN_DEPRECATED_OBJC_IMPLEMENTATIONS = YES;
				CLANG_WARN_DIRECT_OBJC_ISA_USAGE = YES_ERROR;
				CLANG_WARN_DOCUMENTATION_COMMENTS = YES;
				CLANG_WARN_EMPTY_BODY = YES;
				CLANG_WARN_ENUM_CONVERSION = YES;
				CLANG_WARN_INFINITE_RECURSION = YES;
				CLANG_WARN_INT_CONVERSION = YES;
				CLANG_WARN_NON_LITERAL_NULL_CONVERSION = YES;
				CLANG_WARN_OBJC_IMPLICIT_RETAIN_SELF = YES;
				CLANG_WARN_OBJC_LITERAL_CONVERSION = YES;
				CLANG_WARN_OBJC_ROOT_CLASS = YES_ERROR;
				CLANG_WARN_QUOTED_INCLUDE_IN_FRAMEWORK_HEADER = YES;
				CLANG_WARN_RANGE_LOOP_ANALYSIS = YES;
				CLANG_WARN_STRICT_PROTOTYPES = YES;
				CLANG_WARN_SUSPICIOUS_MOVE = YES;
				CLANG_WARN_UNGUARDED_AVAILABILITY = YES_AGGRESSIVE;
				CLANG_WARN_UNREACHABLE_CODE = YES;
				CLANG_WARN__DUPLICATE_METHOD_MATCH = YES;
				COPY_PHASE_STRIP = NO;
				DEBUG_INFORMATION_FORMAT = "dwarf-with-dsym";
				ENABLE_NS_ASSERTIONS = NO;
				ENABLE_STRICT_OBJC_MSGSEND = YES;
				ENABLE_USER_SCRIPT_SANDBOXING = YES;
				GCC_C_LANGUAGE_STANDARD = gnu17;
				GCC_NO_COMMON_BLOCKS = YES;
				GCC_WARN_64_TO_32_BIT_CONVERSION = YES;
				GCC_WARN_ABOUT_RETURN_TYPE = YES_ERROR;
				GCC_WARN_UNDECLARED_SELECTOR = YES;
				GCC_WARN_UNINITIALIZED_AUTOS = YES_AGGRESSIVE;
				GCC_WARN_UNUSED_FUNCTION = YES;
				GCC_WARN_UNUSED_VARIABLE = YES;
				IPHONEOS_DEPLOYMENT_TARGET = 17.0;
				LOCALIZATION_PREFERS_STRING_CATALOGS = YES;
				MTL_ENABLE_DEBUG_INFO = NO;
				MTL_FAST_MATH = YES;
				SDKROOT = iphoneos;
				SWIFT_COMPILATION_MODE = wholemodule;
				VALIDATE_PRODUCT = YES;
			};
			name = Release;
		};
		141E8AAB2B42E13F00C4C3AF /* Debug */ = {
			isa = XCBuildConfiguration;
			buildSettings = {
				ASSETCATALOG_COMPILER_APPICON_NAME = AppIcon;
				ASSETCATALOG_COMPILER_GLOBAL_ACCENT_COLOR_NAME = AccentColor;
				CODE_SIGN_STYLE = Automatic;
				CURRENT_PROJECT_VERSION = 1;
				DEVELOPMENT_ASSET_PATHS = "\"MyCar/Preview Content\"";
				DEVELOPMENT_TEAM = UFP36B6P45;
				ENABLE_PREVIEWS = YES;
				GENERATE_INFOPLIST_FILE = YES;
				INFOPLIST_KEY_UIApplicationSceneManifest_Generation = YES;
				INFOPLIST_KEY_UIApplicationSupportsIndirectInputEvents = YES;
				INFOPLIST_KEY_UILaunchScreen_Generation = YES;
				INFOPLIST_KEY_UISupportedInterfaceOrientations_iPad = "UIInterfaceOrientationPortrait UIInterfaceOrientationPortraitUpsideDown UIInterfaceOrientationLandscapeLeft UIInterfaceOrientationLandscapeRight";
				INFOPLIST_KEY_UISupportedInterfaceOrientations_iPhone = "UIInterfaceOrientationPortrait UIInterfaceOrientationLandscapeLeft UIInterfaceOrientationLandscapeRight";
				LD_RUNPATH_SEARCH_PATHS = (
					"$(inherited)",
					"@executable_path/Frameworks",
				);
				MARKETING_VERSION = 1.0;
				PRODUCT_BUNDLE_IDENTIFIER = tolga.MyCar;
				PRODUCT_NAME = "$(TARGET_NAME)";
				SWIFT_EMIT_LOC_STRINGS = YES;
				SWIFT_VERSION = 5.0;
				TARGETED_DEVICE_FAMILY = "1,2";
			};
			name = Debug;
		};
		141E8AAC2B42E13F00C4C3AF /* Release */ = {
			isa = XCBuildConfiguration;
			buildSettings = {
				ASSETCATALOG_COMPILER_APPICON_NAME = AppIcon;
				ASSETCATALOG_COMPILER_GLOBAL_ACCENT_COLOR_NAME = AccentColor;
				CODE_SIGN_STYLE = Automatic;
				CURRENT_PROJECT_VERSION = 1;
				DEVELOPMENT_ASSET_PATHS = "\"MyCar/Preview Content\"";
				DEVELOPMENT_TEAM = UFP36B6P45;
				ENABLE_PREVIEWS = YES;
				GENERATE_INFOPLIST_FILE = YES;
				INFOPLIST_KEY_UIApplicationSceneManifest_Generation = YES;
				INFOPLIST_KEY_UIApplicationSupportsIndirectInputEvents = YES;
				INFOPLIST_KEY_UILaunchScreen_Generation = YES;
				INFOPLIST_KEY_UISupportedInterfaceOrientations_iPad = "UIInterfaceOrientationPortrait UIInterfaceOrientationPortraitUpsideDown UIInterfaceOrientationLandscapeLeft UIInterfaceOrientationLandscapeRight";
				INFOPLIST_KEY_UISupportedInterfaceOrientations_iPhone = "UIInterfaceOrientationPortrait UIInterfaceOrientationLandscapeLeft UIInterfaceOrientationLandscapeRight";
				LD_RUNPATH_SEARCH_PATHS = (
					"$(inherited)",
					"@executable_path/Frameworks",
				);
				MARKETING_VERSION = 1.0;
				PRODUCT_BUNDLE_IDENTIFIER = tolga.MyCar;
				PRODUCT_NAME = "$(TARGET_NAME)";
				SWIFT_EMIT_LOC_STRINGS = YES;
				SWIFT_VERSION = 5.0;
				TARGETED_DEVICE_FAMILY = "1,2";
			};
			name = Release;
		};
		141E8AAE2B42E13F00C4C3AF /* Debug */ = {
			isa = XCBuildConfiguration;
			buildSettings = {
				ALWAYS_EMBED_SWIFT_STANDARD_LIBRARIES = YES;
				BUNDLE_LOADER = "$(TEST_HOST)";
				CODE_SIGN_STYLE = Automatic;
				CURRENT_PROJECT_VERSION = 1;
				DEVELOPMENT_TEAM = UFP36B6P45;
				GENERATE_INFOPLIST_FILE = YES;
				IPHONEOS_DEPLOYMENT_TARGET = 17.0;
				MARKETING_VERSION = 1.0;
				PRODUCT_BUNDLE_IDENTIFIER = tolga.MyCarTests;
				PRODUCT_NAME = "$(TARGET_NAME)";
				SWIFT_EMIT_LOC_STRINGS = NO;
				SWIFT_VERSION = 5.0;
				TARGETED_DEVICE_FAMILY = "1,2";
				TEST_HOST = "$(BUILT_PRODUCTS_DIR)/MyCar.app/$(BUNDLE_EXECUTABLE_FOLDER_PATH)/MyCar";
			};
			name = Debug;
		};
		141E8AAF2B42E13F00C4C3AF /* Release */ = {
			isa = XCBuildConfiguration;
			buildSettings = {
				ALWAYS_EMBED_SWIFT_STANDARD_LIBRARIES = YES;
				BUNDLE_LOADER = "$(TEST_HOST)";
				CODE_SIGN_STYLE = Automatic;
				CURRENT_PROJECT_VERSION = 1;
				DEVELOPMENT_TEAM = UFP36B6P45;
				GENERATE_INFOPLIST_FILE = YES;
				IPHONEOS_DEPLOYMENT_TARGET = 17.0;
				MARKETING_VERSION = 1.0;
				PRODUCT_BUNDLE_IDENTIFIER = tolga.MyCarTests;
				PRODUCT_NAME = "$(TARGET_NAME)";
				SWIFT_EMIT_LOC_STRINGS = NO;
				SWIFT_VERSION = 5.0;
				TARGETED_DEVICE_FAMILY = "1,2";
				TEST_HOST = "$(BUILT_PRODUCTS_DIR)/MyCar.app/$(BUNDLE_EXECUTABLE_FOLDER_PATH)/MyCar";
			};
			name = Release;
		};
		141E8AB12B42E13F00C4C3AF /* Debug */ = {
			isa = XCBuildConfiguration;
			buildSettings = {
				ALWAYS_EMBED_SWIFT_STANDARD_LIBRARIES = YES;
				CODE_SIGN_STYLE = Automatic;
				CURRENT_PROJECT_VERSION = 1;
				DEVELOPMENT_TEAM = UFP36B6P45;
				GENERATE_INFOPLIST_FILE = YES;
				MARKETING_VERSION = 1.0;
				PRODUCT_BUNDLE_IDENTIFIER = tolga.MyCarUITests;
				PRODUCT_NAME = "$(TARGET_NAME)";
				SWIFT_EMIT_LOC_STRINGS = NO;
				SWIFT_VERSION = 5.0;
				TARGETED_DEVICE_FAMILY = "1,2";
				TEST_TARGET_NAME = MyCar;
			};
			name = Debug;
		};
		141E8AB22B42E13F00C4C3AF /* Release */ = {
			isa = XCBuildConfiguration;
			buildSettings = {
				ALWAYS_EMBED_SWIFT_STANDARD_LIBRARIES = YES;
				CODE_SIGN_STYLE = Automatic;
				CURRENT_PROJECT_VERSION = 1;
				DEVELOPMENT_TEAM = UFP36B6P45;
				GENERATE_INFOPLIST_FILE = YES;
				MARKETING_VERSION = 1.0;
				PRODUCT_BUNDLE_IDENTIFIER = tolga.MyCarUITests;
				PRODUCT_NAME = "$(TARGET_NAME)";
				SWIFT_EMIT_LOC_STRINGS = NO;
				SWIFT_VERSION = 5.0;
				TARGETED_DEVICE_FAMILY = "1,2";
				TEST_TARGET_NAME = MyCar;
			};
			name = Release;
		};
/* End XCBuildConfiguration section */

/* Begin XCConfigurationList section */
		141E8A7F2B42E13E00C4C3AF /* Build configuration list for PBXProject "MyCar" */ = {
			isa = XCConfigurationList;
			buildConfigurations = (
				141E8AA82B42E13F00C4C3AF /* Debug */,
				141E8AA92B42E13F00C4C3AF /* Release */,
			);
			defaultConfigurationIsVisible = 0;
			defaultConfigurationName = Release;
		};
		141E8AAA2B42E13F00C4C3AF /* Build configuration list for PBXNativeTarget "MyCar" */ = {
			isa = XCConfigurationList;
			buildConfigurations = (
				141E8AAB2B42E13F00C4C3AF /* Debug */,
				141E8AAC2B42E13F00C4C3AF /* Release */,
			);
			defaultConfigurationIsVisible = 0;
			defaultConfigurationName = Release;
		};
		141E8AAD2B42E13F00C4C3AF /* Build configuration list for PBXNativeTarget "MyCarTests" */ = {
			isa = XCConfigurationList;
			buildConfigurations = (
				141E8AAE2B42E13F00C4C3AF /* Debug */,
				141E8AAF2B42E13F00C4C3AF /* Release */,
			);
			defaultConfigurationIsVisible = 0;
			defaultConfigurationName = Release;
		};
		141E8AB02B42E13F00C4C3AF /* Build configuration list for PBXNativeTarget "MyCarUITests" */ = {
			isa = XCConfigurationList;
			buildConfigurations = (
				141E8AB12B42E13F00C4C3AF /* Debug */,
				141E8AB22B42E13F00C4C3AF /* Release */,
			);
			defaultConfigurationIsVisible = 0;
			defaultConfigurationName = Release;
		};
/* End XCConfigurationList section */

/* Begin XCVersionGroup section */
		14D7D47D2B9B5567007F2483 /* DataModel.xcdatamodeld */ = {
			isa = XCVersionGroup;
			children = (
				14D7D47E2B9B5567007F2483 /* DataModel.xcdatamodel */,
			);
			currentVersion = 14D7D47E2B9B5567007F2483 /* DataModel.xcdatamodel */;
			path = DataModel.xcdatamodeld;
			sourceTree = "<group>";
			versionGroupType = wrapper.xcdatamodel;
		};
/* End XCVersionGroup section */
	};
	rootObject = 141E8A7C2B42E13E00C4C3AF /* Project object */;
}
